
Microsoft Visual Studio Solution File, Format Version 12.00
# Visual Studio Version 17
VisualStudioVersion = 17.0.32014.148
MinimumVisualStudioVersion = 10.0.40219.1
Project("{888888A0-9F3D-457C-B088-3A5042F75D52}") = "EntityGenerator", "EntityGenerator\EntityGenerator.pyproj", "{9CFE9F11-8B50-40EF-8F0B-802AFD000ADB}"
EndProject
Global
	GlobalSection(SolutionConfigurationPlatforms) = preSolution
		Debug|Any CPU = Debug|Any CPU
		Release|Any CPU = Release|Any CPU
	EndGlobalSection
	GlobalSection(ProjectConfigurationPlatforms) = postSolution
		{9CFE9F11-8B50-40EF-8F0B-802AFD000ADB}.Debug|Any CPU.ActiveCfg = Debug|Any CPU
		{9CFE9F11-8B50-40EF-8F0B-802AFD000ADB}.Release|Any CPU.ActiveCfg = Release|Any CPU
	EndGlobalSection
	GlobalSection(SolutionProperties) = preSolution
		HideSolutionNode = FALSE
	EndGlobalSection
	GlobalSection(ExtensibilityGlobals) = postSolution
		SolutionGuid = {9DDE46A6-4186-4DB9-B396-EC7D97E854CA}
	EndGlobalSection
EndGlobal
